{
  "name": "dpi-engine",
  "version": "1.0.0",
  "lockfileVersion": 3,
  "requires": true,
  "packages": {
    "": {
      "name": "dpi-engine",
      "version": "1.0.0",
      "license": "MIT",
      "bin": {
        "dpi-engine": "src/main.js"
      },
      "engines": {
        "node": ">=12.0.0"
      }
    }
  }
}
